
Microsoft Visual Studio Solution File, Format Version 12.00
# Visual Studio Version 16
VisualStudioVersion = 16.0.29503.13
MinimumVisualStudioVersion = 10.0.40219.1
Project("{9A19103F-16F7-4668-BE54-9A1E7A4F7556}") = "YaRyadom.API", "YaRyadom.API\YaRyadom.API.csproj", "{B3A6DEBE-CA80-4035-BA68-1824FD8854EA}"
EndProject
Project("{9A19103F-16F7-4668-BE54-9A1E7A4F7556}") = "YaRyadom.Domain", "YaRyadom.Domain\YaRyadom.Domain.csproj", "{F4BB9A98-7912-46B1-873B-3659DAB76C6B}"
EndProject
Global
	GlobalSection(SolutionConfigurationPlatforms) = preSolution
		Debug|Any CPU = Debug|Any CPU
		Release|Any CPU = Release|Any CPU
	EndGlobalSection
	GlobalSection(ProjectConfigurationPlatforms) = postSolution
		{B3A6DEBE-CA80-4035-BA68-1824FD8854EA}.Debug|Any CPU.ActiveCfg = Debug|Any CPU
		{B3A6DEBE-CA80-4035-BA68-1824FD8854EA}.Debug|Any CPU.Build.0 = Debug|Any CPU
		{B3A6DEBE-CA80-4035-BA68-1824FD8854EA}.Release|Any CPU.ActiveCfg = Release|Any CPU
		{B3A6DEBE-CA80-4035-BA68-1824FD8854EA}.Release|Any CPU.Build.0 = Release|Any CPU
		{F4BB9A98-7912-46B1-873B-3659DAB76C6B}.Debug|Any CPU.ActiveCfg = Debug|Any CPU
		{F4BB9A98-7912-46B1-873B-3659DAB76C6B}.Debug|Any CPU.Build.0 = Debug|Any CPU
		{F4BB9A98-7912-46B1-873B-3659DAB76C6B}.Release|Any CPU.ActiveCfg = Release|Any CPU
		{F4BB9A98-7912-46B1-873B-3659DAB76C6B}.Release|Any CPU.Build.0 = Release|Any CPU
	EndGlobalSection
	GlobalSection(SolutionProperties) = preSolution
		HideSolutionNode = FALSE
	EndGlobalSection
	GlobalSection(ExtensibilityGlobals) = postSolution
		SolutionGuid = {89083E99-8666-46F9-B521-6FD86E036941}
	EndGlobalSection
EndGlobal
