
Microsoft Visual Studio Solution File, Format Version 12.00
# Visual Studio Version 16
VisualStudioVersion = 16.0.29503.13
MinimumVisualStudioVersion = 10.0.40219.1
Project("{FAE04EC0-301F-11D3-BF4B-00C04F79EFBC}") = "YaVDele.API", "YaVDele.API\YaVDele.API.csproj", "{B3A6DEBE-CA80-4035-BA68-1824FD8854EA}"
EndProject
Project("{FAE04EC0-301F-11D3-BF4B-00C04F79EFBC}") = "YaVDele.Domain", "YaVDele.Domain\YaVDele.Domain.csproj", "{F4BB9A98-7912-46B1-873B-3659DAB76C6B}"
EndProject
Global
	GlobalSection(SolutionConfigurationPlatforms) = preSolution
		Debug|Any CPU = Debug|Any CPU
		Release|Any CPU = Release|Any CPU
	EndGlobalSection
	GlobalSection(ProjectConfigurationPlatforms) = postSolution
		{B3A6DEBE-CA80-4035-BA68-1824FD8854EA}.Debug|Any CPU.ActiveCfg = Debug|Any CPU
		{B3A6DEBE-CA80-4035-BA68-1824FD8854EA}.Debug|Any CPU.Build.0 = Debug|Any CPU
		{B3A6DEBE-CA80-4035-BA68-1824FD8854EA}.Release|Any CPU.ActiveCfg = Release|Any CPU
		{B3A6DEBE-CA80-4035-BA68-1824FD8854EA}.Release|Any CPU.Build.0 = Release|Any CPU
		{F4BB9A98-7912-46B1-873B-3659DAB76C6B}.Debug|Any CPU.ActiveCfg = Debug|Any CPU
		{F4BB9A98-7912-46B1-873B-3659DAB76C6B}.Debug|Any CPU.Build.0 = Debug|Any CPU
		{F4BB9A98-7912-46B1-873B-3659DAB76C6B}.Release|Any CPU.ActiveCfg = Release|Any CPU
		{F4BB9A98-7912-46B1-873B-3659DAB76C6B}.Release|Any CPU.Build.0 = Release|Any CPU
	EndGlobalSection
	GlobalSection(SolutionProperties) = preSolution
		HideSolutionNode = FALSE
	EndGlobalSection
	GlobalSection(ExtensibilityGlobals) = postSolution
		SolutionGuid = {89083E99-8666-46F9-B521-6FD86E036941}
	EndGlobalSection
EndGlobal
